<?xml version="1.0" encoding="utf-8"?>
<Project ToolsVersion="4.0" xmlns="http://schemas.microsoft.com/developer/msbuild/2003">
  <ItemGroup>
    <Filter Include="소스 파일">
      <UniqueIdentifier>{4FC737F1-C7A5-4376-A066-2A32D752A2FF}</UniqueIdentifier>
      <Extensions>cpp;c;cc;cxx;c++;cppm;ixx;def;odl;idl;hpj;bat;asm;asmx</Extensions>
    </Filter>
    <Filter Include="헤더 파일">
      <UniqueIdentifier>{93995380-89BD-4b04-88EB-625FBE52EBFB}</UniqueIdentifier>
      <Extensions>h;hh;hpp;hxx;h++;hm;inl;inc;ipp;xsd</Extensions>
    </Filter>
    <Filter Include="리소스 파일">
      <UniqueIdentifier>{67DA6AB6-F800-4c08-8B7A-83BB121AAD01}</UniqueIdentifier>
      <Extensions>rc;ico;cur;bmp;dlg;rc2;rct;bin;rgs;gif;jpg;jpeg;jpe;resx;tiff;tif;png;wav;mfcribbon-ms</Extensions>
    </Filter>
  </ItemGroup>
  <ItemGroup>
    <ClCompile Include="Clothes.cpp">
      <Filter>소스 파일</Filter>
    </ClCompile>
    <ClCompile Include="ClothesBought.cpp">
      <Filter>소스 파일</Filter>
    </ClCompile>
    <ClCompile Include="CtrlAddNewClothes.cpp">
      <Filter>소스 파일</Filter>
    </ClCompile>
    <ClCompile Include="CtrlBuy.cpp">
      <Filter>소스 파일</Filter>
    </ClCompile>
    <ClCompile Include="CtrlEvaluateSatisfaction.cpp">
      <Filter>소스 파일</Filter>
    </ClCompile>
    <ClCompile Include="CtrlGetClothesOnSale.cpp">
      <Filter>소스 파일</Filter>
    </ClCompile>
    <ClCompile Include="CtrlGetSaleStatics.cpp">
      <Filter>소스 파일</Filter>
    </ClCompile>
    <ClCompile Include="CtrlGetSoldOutClothes.cpp">
      <Filter>소스 파일</Filter>
    </ClCompile>
    <ClCompile Include="CtrlInquiryPurchaseHistory.cpp">
      <Filter>소스 파일</Filter>
    </ClCompile>
    <ClCompile Include="CtrlMemberManagement.cpp">
      <Filter>소스 파일</Filter>
    </ClCompile>
    <ClCompile Include="CtrlSearchClothes.cpp">
      <Filter>소스 파일</Filter>
    </ClCompile>
    <ClCompile Include="main.cpp">
      <Filter>소스 파일</Filter>
    </ClCompile>
    <ClCompile Include="MemberInfoDatabase.cpp">
      <Filter>소스 파일</Filter>
    </ClCompile>
    <ClCompile Include="ProductList.cpp">
      <Filter>소스 파일</Filter>
    </ClCompile>
    <ClCompile Include="PurchaseHistoryList.cpp">
      <Filter>소스 파일</Filter>
    </ClCompile>
    <ClCompile Include="ShoppingSystem.cpp">
      <Filter>소스 파일</Filter>
    </ClCompile>
    <ClCompile Include="UIAddNewClothes.cpp">
      <Filter>소스 파일</Filter>
    </ClCompile>
    <ClCompile Include="UIBuy.cpp">
      <Filter>소스 파일</Filter>
    </ClCompile>
    <ClCompile Include="UIEvaluateSatisfaction.cpp">
      <Filter>소스 파일</Filter>
    </ClCompile>
    <ClCompile Include="UIGetClothesOnSale.cpp">
      <Filter>소스 파일</Filter>
    </ClCompile>
    <ClCompile Include="UIGetSalesStatics.cpp">
      <Filter>소스 파일</Filter>
    </ClCompile>
    <ClCompile Include="UIGetSoldOutClothes.cpp">
      <Filter>소스 파일</Filter>
    </ClCompile>
    <ClCompile Include="UIinit.cpp">
      <Filter>소스 파일</Filter>
    </ClCompile>
    <ClCompile Include="UIInquiryPurchaseHistory.cpp">
      <Filter>소스 파일</Filter>
    </ClCompile>
    <ClCompile Include="UIProfile.cpp">
      <Filter>소스 파일</Filter>
    </ClCompile>
    <ClCompile Include="UISearchClothes.cpp">
      <Filter>소스 파일</Filter>
    </ClCompile>
  </ItemGroup>
  <ItemGroup>
    <ClInclude Include="Clothes.h">
      <Filter>헤더 파일</Filter>
    </ClInclude>
    <ClInclude Include="ClothesBought.h">
      <Filter>헤더 파일</Filter>
    </ClInclude>
    <ClInclude Include="CtrlAddNewClothes.h">
      <Filter>헤더 파일</Filter>
    </ClInclude>
    <ClInclude Include="CtrlBuy.h">
      <Filter>헤더 파일</Filter>
    </ClInclude>
    <ClInclude Include="CtrlEvaluateSatisfaction.h">
      <Filter>헤더 파일</Filter>
    </ClInclude>
    <ClInclude Include="CtrlGetClothesOnSale.h">
      <Filter>헤더 파일</Filter>
    </ClInclude>
    <ClInclude Include="CtrlGetSaleStatics.h">
      <Filter>헤더 파일</Filter>
    </ClInclude>
    <ClInclude Include="CtrlGetSoldOutClothes.h">
      <Filter>헤더 파일</Filter>
    </ClInclude>
    <ClInclude Include="CtrlInquiryPurchaseHistory.h">
      <Filter>헤더 파일</Filter>
    </ClInclude>
    <ClInclude Include="CtrlMemberManagement.h">
      <Filter>헤더 파일</Filter>
    </ClInclude>
    <ClInclude Include="CtrlSearchClothes.h">
      <Filter>헤더 파일</Filter>
    </ClInclude>
    <ClInclude Include="member.h">
      <Filter>헤더 파일</Filter>
    </ClInclude>
    <ClInclude Include="MemberInfoDatabase.h">
      <Filter>헤더 파일</Filter>
    </ClInclude>
    <ClInclude Include="ProductList.h">
      <Filter>헤더 파일</Filter>
    </ClInclude>
    <ClInclude Include="PurchaseHistoryList.h">
      <Filter>헤더 파일</Filter>
    </ClInclude>
    <ClInclude Include="ShoppingSystem.h">
      <Filter>헤더 파일</Filter>
    </ClInclude>
    <ClInclude Include="UIAddNewClothes.h">
      <Filter>헤더 파일</Filter>
    </ClInclude>
    <ClInclude Include="UIBuy.h">
      <Filter>헤더 파일</Filter>
    </ClInclude>
    <ClInclude Include="UIEvaluateSatisfaction.h">
      <Filter>헤더 파일</Filter>
    </ClInclude>
    <ClInclude Include="UIGetClothesOnSale.h">
      <Filter>헤더 파일</Filter>
    </ClInclude>
    <ClInclude Include="UIGetSalesStatics.h">
      <Filter>헤더 파일</Filter>
    </ClInclude>
    <ClInclude Include="UIGetSoldOutClothes.h">
      <Filter>헤더 파일</Filter>
    </ClInclude>
    <ClInclude Include="UIinit.h">
      <Filter>헤더 파일</Filter>
    </ClInclude>
    <ClInclude Include="UIInquiryPurchaseHistory.h">
      <Filter>헤더 파일</Filter>
    </ClInclude>
    <ClInclude Include="UIProfile.h">
      <Filter>헤더 파일</Filter>
    </ClInclude>
    <ClInclude Include="UISearchClothes.h">
      <Filter>헤더 파일</Filter>
    </ClInclude>
  </ItemGroup>
</Project>